[root]
name = "ecpd"
version = "0.1.0"
dependencies = [
 "nanomsg 0.6.0 (registry+https://github.com/rust-lang/crates.io-index)",
 "rustc-serialize 0.3.19 (registry+https://github.com/rust-lang/crates.io-index)",
]

[[package]]
name = "libc"
version = "0.2.16"
source = "registry+https://github.com/rust-lang/crates.io-index"

[[package]]
name = "nanomsg"
version = "0.6.0"
source = "registry+https://github.com/rust-lang/crates.io-index"
dependencies = [
 "libc 0.2.16 (registry+https://github.com/rust-lang/crates.io-index)",
 "nanomsg-sys 0.6.0 (registry+https://github.com/rust-lang/crates.io-index)",
]

[[package]]
name = "nanomsg-sys"
version = "0.6.0"
source = "registry+https://github.com/rust-lang/crates.io-index"
dependencies = [
 "libc 0.2.16 (registry+https://github.com/rust-lang/crates.io-index)",
]

[[package]]
name = "rustc-serialize"
version = "0.3.19"
source = "registry+https://github.com/rust-lang/crates.io-index"

